{
  "object": {
    "pins": [
      {
        "package": "GeospatialSwift",
        "repositoryURL": "https://github.com/MonsantoCo/GeospatialSwift.git",
        "state": {
          "branch": "xcode-11",
          "revision": "93e9743a44e5efee5c68f4dceb48982fee34c8b6",
          "version": null
        }
      },
      {
        "package": "TimberSwift",
        "repositoryURL": "https://github.com/MonsantoCo/TimberSwift.git",
        "state": {
          "branch": "xcode-11",
          "revision": "acc73343667a2784cb7ac502c23fdbd87f678905",
          "version": null
        }
      }
    ]
  },
  "version": 1
}
