{
  "object": {
    "pins": [
      {
        "package": "GeospatialSwift",
        "repositoryURL": "https://github.com/MonsantoCo/GeospatialSwift.git",
        "state": {
          "branch": "xcode-11",
          "revision": "f22c2a387ce64091acfe439fc417192ee30ad62f",
          "version": null
        }
      },
      {
        "package": "TimberSwift",
        "repositoryURL": "https://github.com/MonsantoCo/TimberSwift.git",
        "state": {
          "branch": "xcode-11",
          "revision": "f483306f403c74d6ade4a2055ad1649474efcf71",
          "version": null
        }
      }
    ]
  },
  "version": 1
}
